
Microsoft Visual Studio Solution File, Format Version 12.00
# Visual Studio Version 17
VisualStudioVersion = 17.5.002.0
MinimumVisualStudioVersion = 10.0.40219.1
Project("{9A19103F-16F7-4668-BE54-9A1E7A4F7556}") = "asp-vpn-checker", "asp-vpn-checker.csproj", "{77C24A2E-6F9F-4162-9C67-77F8949BDE50}"
EndProject
Global
	GlobalSection(SolutionConfigurationPlatforms) = preSolution
		Debug|Any CPU = Debug|Any CPU
		Release|Any CPU = Release|Any CPU
	EndGlobalSection
	GlobalSection(ProjectConfigurationPlatforms) = postSolution
		{77C24A2E-6F9F-4162-9C67-77F8949BDE50}.Debug|Any CPU.ActiveCfg = Debug|Any CPU
		{77C24A2E-6F9F-4162-9C67-77F8949BDE50}.Debug|Any CPU.Build.0 = Debug|Any CPU
		{77C24A2E-6F9F-4162-9C67-77F8949BDE50}.Release|Any CPU.ActiveCfg = Release|Any CPU
		{77C24A2E-6F9F-4162-9C67-77F8949BDE50}.Release|Any CPU.Build.0 = Release|Any CPU
	EndGlobalSection
	GlobalSection(SolutionProperties) = preSolution
		HideSolutionNode = FALSE
	EndGlobalSection
	GlobalSection(ExtensibilityGlobals) = postSolution
		SolutionGuid = {428596DB-9DDA-4B09-ACC1-1173CA67EA65}
	EndGlobalSection
EndGlobal
